// !$*UTF8*$!
{
	archiveVersion = 1;
	classes = {
	};
	objectVersion = 51;
	objects = {

/* Begin PBXBuildFile section */
		0504047F112ACF298E9629AD /* Pods_TestDemo_TestDemoUITests.framework in Frameworks */ = {isa = PBXBuildFile; fileRef = B33D4D07BFD14BC53951722B /* Pods_TestDemo_TestDemoUITests.framework */; };
		0C0D7C3425806DE8006E2C80 /* HKBannerViewCollectionCell.swift in Sources */ = {isa = PBXBuildFile; fileRef = 0C0D7C3225806DE8006E2C80 /* HKBannerViewCollectionCell.swift */; };
		0C0D7C3525806DE8006E2C80 /* HKBannerView.swift in Sources */ = {isa = PBXBuildFile; fileRef = 0C0D7C3325806DE8006E2C80 /* HKBannerView.swift */; };
		0C0D7C3725806E4E006E2C80 /* HKHomeDataModel.swift in Sources */ = {isa = PBXBuildFile; fileRef = 0C0D7C3625806E4E006E2C80 /* HKHomeDataModel.swift */; };
		0C0D7C3E25807668006E2C80 /* home_banner_default@3x.png in Resources */ = {isa = PBXBuildFile; fileRef = 0C0D7C3825807667006E2C80 /* home_banner_default@3x.png */; };
		0C0D7C3F25807668006E2C80 /* home_bg@3x.png in Resources */ = {isa = PBXBuildFile; fileRef = 0C0D7C3925807667006E2C80 /* home_bg@3x.png */; };
		0C0D7C4025807668006E2C80 /* home_banner_default@2x.png in Resources */ = {isa = PBXBuildFile; fileRef = 0C0D7C3A25807667006E2C80 /* home_banner_default@2x.png */; };
		0C0D7C4125807668006E2C80 /* home_tool_new@2x.png in Resources */ = {isa = PBXBuildFile; fileRef = 0C0D7C3B25807667006E2C80 /* home_tool_new@2x.png */; };
		0C0D7C4225807668006E2C80 /* home_tool_new@3x.png in Resources */ = {isa = PBXBuildFile; fileRef = 0C0D7C3C25807667006E2C80 /* home_tool_new@3x.png */; };
		0C0D7C4325807668006E2C80 /* home_bg@2x.png in Resources */ = {isa = PBXBuildFile; fileRef = 0C0D7C3D25807667006E2C80 /* home_bg@2x.png */; };
		0C315460257F1EBB00AFB74C /* AppDelegate.swift in Sources */ = {isa = PBXBuildFile; fileRef = 0C31545F257F1EBB00AFB74C /* AppDelegate.swift */; };
		0C315462257F1EBB00AFB74C /* SceneDelegate.swift in Sources */ = {isa = PBXBuildFile; fileRef = 0C315461257F1EBB00AFB74C /* SceneDelegate.swift */; };
		0C315464257F1EBB00AFB74C /* ViewController.swift in Sources */ = {isa = PBXBuildFile; fileRef = 0C315463257F1EBB00AFB74C /* ViewController.swift */; };
		0C315467257F1EBB00AFB74C /* Main.storyboard in Resources */ = {isa = PBXBuildFile; fileRef = 0C315465257F1EBB00AFB74C /* Main.storyboard */; };
		0C315469257F1EBC00AFB74C /* Assets.xcassets in Resources */ = {isa = PBXBuildFile; fileRef = 0C315468257F1EBC00AFB74C /* Assets.xcassets */; };
		0C31546C257F1EBC00AFB74C /* LaunchScreen.storyboard in Resources */ = {isa = PBXBuildFile; fileRef = 0C31546A257F1EBC00AFB74C /* LaunchScreen.storyboard */; };
		0C315477257F1EBC00AFB74C /* TestDemoTests.swift in Sources */ = {isa = PBXBuildFile; fileRef = 0C315476257F1EBC00AFB74C /* TestDemoTests.swift */; };
		0C315482257F1EBC00AFB74C /* TestDemoUITests.swift in Sources */ = {isa = PBXBuildFile; fileRef = 0C315481257F1EBC00AFB74C /* TestDemoUITests.swift */; };
		0C315498257F1EEE00AFB74C /* HKHomeVM.swift in Sources */ = {isa = PBXBuildFile; fileRef = 0C315491257F1EEE00AFB74C /* HKHomeVM.swift */; };
		0C315499257F1EEE00AFB74C /* HKHomeCell.swift in Sources */ = {isa = PBXBuildFile; fileRef = 0C315493257F1EEE00AFB74C /* HKHomeCell.swift */; };
		0C31549B257F1EEE00AFB74C /* HKHomeNoticeView.swift in Sources */ = {isa = PBXBuildFile; fileRef = 0C315495257F1EEE00AFB74C /* HKHomeNoticeView.swift */; };
		0C31549C257F1EEE00AFB74C /* HKHomeHeaderView.swift in Sources */ = {isa = PBXBuildFile; fileRef = 0C315496257F1EEE00AFB74C /* HKHomeHeaderView.swift */; };
		0C31549D257F1EEE00AFB74C /* HKHomeItemCollectionCell.swift in Sources */ = {isa = PBXBuildFile; fileRef = 0C315497257F1EEE00AFB74C /* HKHomeItemCollectionCell.swift */; };
		AEF31CF1191A1C382C0A591E /* Pods_TestDemo.framework in Frameworks */ = {isa = PBXBuildFile; fileRef = 16F531C25D9ED34A3DA09B16 /* Pods_TestDemo.framework */; };
		D77AD09876F887418CF9FD48 /* Pods_TestDemoTests.framework in Frameworks */ = {isa = PBXBuildFile; fileRef = 92BC7C5B82DF5A41537A7D77 /* Pods_TestDemoTests.framework */; };
/* End PBXBuildFile section */

/* Begin PBXContainerItemProxy section */
		0C315473257F1EBC00AFB74C /* PBXContainerItemProxy */ = {
			isa = PBXContainerItemProxy;
			containerPortal = 0C315454257F1EBB00AFB74C /* Project object */;
			proxyType = 1;
			remoteGlobalIDString = 0C31545B257F1EBB00AFB74C;
			remoteInfo = TestDemo;
		};
		0C31547E257F1EBC00AFB74C /* PBXContainerItemProxy */ = {
			isa = PBXContainerItemProxy;
			containerPortal = 0C315454257F1EBB00AFB74C /* Project object */;
			proxyType = 1;
			remoteGlobalIDString = 0C31545B257F1EBB00AFB74C;
			remoteInfo = TestDemo;
		};
/* End PBXContainerItemProxy section */

/* Begin PBXFileReference section */
		0C0D7C3225806DE8006E2C80 /* HKBannerViewCollectionCell.swift */ = {isa = PBXFileReference; fileEncoding = 4; lastKnownFileType = sourcecode.swift; path = HKBannerViewCollectionCell.swift; sourceTree = "<group>"; };
		0C0D7C3325806DE8006E2C80 /* HKBannerView.swift */ = {isa = PBXFileReference; fileEncoding = 4; lastKnownFileType = sourcecode.swift; path = HKBannerView.swift; sourceTree = "<group>"; };
		0C0D7C3625806E4E006E2C80 /* HKHomeDataModel.swift */ = {isa = PBXFileReference; fileEncoding = 4; lastKnownFileType = sourcecode.swift; path = HKHomeDataModel.swift; sourceTree = "<group>"; };
		0C0D7C3825807667006E2C80 /* home_banner_default@3x.png */ = {isa = PBXFileReference; lastKnownFileType = image.png; path = "home_banner_default@3x.png"; sourceTree = "<group>"; };
		0C0D7C3925807667006E2C80 /* home_bg@3x.png */ = {isa = PBXFileReference; lastKnownFileType = image.png; path = "home_bg@3x.png"; sourceTree = "<group>"; };
		0C0D7C3A25807667006E2C80 /* home_banner_default@2x.png */ = {isa = PBXFileReference; lastKnownFileType = image.png; path = "home_banner_default@2x.png"; sourceTree = "<group>"; };
		0C0D7C3B25807667006E2C80 /* home_tool_new@2x.png */ = {isa = PBXFileReference; lastKnownFileType = image.png; path = "home_tool_new@2x.png"; sourceTree = "<group>"; };
		0C0D7C3C25807667006E2C80 /* home_tool_new@3x.png */ = {isa = PBXFileReference; lastKnownFileType = image.png; path = "home_tool_new@3x.png"; sourceTree = "<group>"; };
		0C0D7C3D25807667006E2C80 /* home_bg@2x.png */ = {isa = PBXFileReference; lastKnownFileType = image.png; path = "home_bg@2x.png"; sourceTree = "<group>"; };
		0C31545C257F1EBB00AFB74C /* TestDemo.app */ = {isa = PBXFileReference; explicitFileType = wrapper.application; includeInIndex = 0; path = TestDemo.app; sourceTree = BUILT_PRODUCTS_DIR; };
		0C31545F257F1EBB00AFB74C /* AppDelegate.swift */ = {isa = PBXFileReference; lastKnownFileType = sourcecode.swift; path = AppDelegate.swift; sourceTree = "<group>"; };
		0C315461257F1EBB00AFB74C /* SceneDelegate.swift */ = {isa = PBXFileReference; lastKnownFileType = sourcecode.swift; path = SceneDelegate.swift; sourceTree = "<group>"; };
		0C315463257F1EBB00AFB74C /* ViewController.swift */ = {isa = PBXFileReference; lastKnownFileType = sourcecode.swift; path = ViewController.swift; sourceTree = "<group>"; };
		0C315466257F1EBB00AFB74C /* Base */ = {isa = PBXFileReference; lastKnownFileType = file.storyboard; name = Base; path = Base.lproj/Main.storyboard; sourceTree = "<group>"; };
		0C315468257F1EBC00AFB74C /* Assets.xcassets */ = {isa = PBXFileReference; lastKnownFileType = folder.assetcatalog; path = Assets.xcassets; sourceTree = "<group>"; };
		0C31546B257F1EBC00AFB74C /* Base */ = {isa = PBXFileReference; lastKnownFileType = file.storyboard; name = Base; path = Base.lproj/LaunchScreen.storyboard; sourceTree = "<group>"; };
		0C31546D257F1EBC00AFB74C /* Info.plist */ = {isa = PBXFileReference; lastKnownFileType = text.plist.xml; path = Info.plist; sourceTree = "<group>"; };
		0C315472257F1EBC00AFB74C /* TestDemoTests.xctest */ = {isa = PBXFileReference; explicitFileType = wrapper.cfbundle; includeInIndex = 0; path = TestDemoTests.xctest; sourceTree = BUILT_PRODUCTS_DIR; };
		0C315476257F1EBC00AFB74C /* TestDemoTests.swift */ = {isa = PBXFileReference; lastKnownFileType = sourcecode.swift; path = TestDemoTests.swift; sourceTree = "<group>"; };
		0C315478257F1EBC00AFB74C /* Info.plist */ = {isa = PBXFileReference; lastKnownFileType = text.plist.xml; path = Info.plist; sourceTree = "<group>"; };
		0C31547D257F1EBC00AFB74C /* TestDemoUITests.xctest */ = {isa = PBXFileReference; explicitFileType = wrapper.cfbundle; includeInIndex = 0; path = TestDemoUITests.xctest; sourceTree = BUILT_PRODUCTS_DIR; };
		0C315481257F1EBC00AFB74C /* TestDemoUITests.swift */ = {isa = PBXFileReference; lastKnownFileType = sourcecode.swift; path = TestDemoUITests.swift; sourceTree = "<group>"; };
		0C315483257F1EBC00AFB74C /* Info.plist */ = {isa = PBXFileReference; lastKnownFileType = text.plist.xml; path = Info.plist; sourceTree = "<group>"; };
		0C315491257F1EEE00AFB74C /* HKHomeVM.swift */ = {isa = PBXFileReference; fileEncoding = 4; lastKnownFileType = sourcecode.swift; path = HKHomeVM.swift; sourceTree = "<group>"; };
		0C315493257F1EEE00AFB74C /* HKHomeCell.swift */ = {isa = PBXFileReference; fileEncoding = 4; lastKnownFileType = sourcecode.swift; path = HKHomeCell.swift; sourceTree = "<group>"; };
		0C315495257F1EEE00AFB74C /* HKHomeNoticeView.swift */ = {isa = PBXFileReference; fileEncoding = 4; lastKnownFileType = sourcecode.swift; path = HKHomeNoticeView.swift; sourceTree = "<group>"; };
		0C315496257F1EEE00AFB74C /* HKHomeHeaderView.swift */ = {isa = PBXFileReference; fileEncoding = 4; lastKnownFileType = sourcecode.swift; path = HKHomeHeaderView.swift; sourceTree = "<group>"; };
		0C315497257F1EEE00AFB74C /* HKHomeItemCollectionCell.swift */ = {isa = PBXFileReference; fileEncoding = 4; lastKnownFileType = sourcecode.swift; path = HKHomeItemCollectionCell.swift; sourceTree = "<group>"; };
		11DCCD6DCFE23F52A4483D17 /* Pods-TestDemo-TestDemoUITests.debug.xcconfig */ = {isa = PBXFileReference; includeInIndex = 1; lastKnownFileType = text.xcconfig; name = "Pods-TestDemo-TestDemoUITests.debug.xcconfig"; path = "Target Support Files/Pods-TestDemo-TestDemoUITests/Pods-TestDemo-TestDemoUITests.debug.xcconfig"; sourceTree = "<group>"; };
		16F531C25D9ED34A3DA09B16 /* Pods_TestDemo.framework */ = {isa = PBXFileReference; explicitFileType = wrapper.framework; includeInIndex = 0; path = Pods_TestDemo.framework; sourceTree = BUILT_PRODUCTS_DIR; };
		6652A26B969F9D342FF8120C /* Pods-TestDemoTests.debug.xcconfig */ = {isa = PBXFileReference; includeInIndex = 1; lastKnownFileType = text.xcconfig; name = "Pods-TestDemoTests.debug.xcconfig"; path = "Target Support Files/Pods-TestDemoTests/Pods-TestDemoTests.debug.xcconfig"; sourceTree = "<group>"; };
		7D8AC88A65F4A906878473E9 /* Pods-TestDemo.release.xcconfig */ = {isa = PBXFileReference; includeInIndex = 1; lastKnownFileType = text.xcconfig; name = "Pods-TestDemo.release.xcconfig"; path = "Target Support Files/Pods-TestDemo/Pods-TestDemo.release.xcconfig"; sourceTree = "<group>"; };
		92BC7C5B82DF5A41537A7D77 /* Pods_TestDemoTests.framework */ = {isa = PBXFileReference; explicitFileType = wrapper.framework; includeInIndex = 0; path = Pods_TestDemoTests.framework; sourceTree = BUILT_PRODUCTS_DIR; };
		952A19B074467BA9E61BF1B3 /* Pods-TestDemo.debug.xcconfig */ = {isa = PBXFileReference; includeInIndex = 1; lastKnownFileType = text.xcconfig; name = "Pods-TestDemo.debug.xcconfig"; path = "Target Support Files/Pods-TestDemo/Pods-TestDemo.debug.xcconfig"; sourceTree = "<group>"; };
		B33D4D07BFD14BC53951722B /* Pods_TestDemo_TestDemoUITests.framework */ = {isa = PBXFileReference; explicitFileType = wrapper.framework; includeInIndex = 0; path = Pods_TestDemo_TestDemoUITests.framework; sourceTree = BUILT_PRODUCTS_DIR; };
		DADEF997A5260F369FB231A1 /* Pods-TestDemoTests.release.xcconfig */ = {isa = PBXFileReference; includeInIndex = 1; lastKnownFileType = text.xcconfig; name = "Pods-TestDemoTests.release.xcconfig"; path = "Target Support Files/Pods-TestDemoTests/Pods-TestDemoTests.release.xcconfig"; sourceTree = "<group>"; };
		DFEE14FE84F55BF0E1FB02AA /* Pods-TestDemo-TestDemoUITests.release.xcconfig */ = {isa = PBXFileReference; includeInIndex = 1; lastKnownFileType = text.xcconfig; name = "Pods-TestDemo-TestDemoUITests.release.xcconfig"; path = "Target Support Files/Pods-TestDemo-TestDemoUITests/Pods-TestDemo-TestDemoUITests.release.xcconfig"; sourceTree = "<group>"; };
/* End PBXFileReference section */

/* Begin PBXFrameworksBuildPhase section */
		0C315459257F1EBB00AFB74C /* Frameworks */ = {
			isa = PBXFrameworksBuildPhase;
			buildActionMask = 2147483647;
			files = (
				AEF31CF1191A1C382C0A591E /* Pods_TestDemo.framework in Frameworks */,
			);
			runOnlyForDeploymentPostprocessing = 0;
		};
		0C31546F257F1EBC00AFB74C /* Frameworks */ = {
			isa = PBXFrameworksBuildPhase;
			buildActionMask = 2147483647;
			files = (
				D77AD09876F887418CF9FD48 /* Pods_TestDemoTests.framework in Frameworks */,
			);
			runOnlyForDeploymentPostprocessing = 0;
		};
		0C31547A257F1EBC00AFB74C /* Frameworks */ = {
			isa = PBXFrameworksBuildPhase;
			buildActionMask = 2147483647;
			files = (
				0504047F112ACF298E9629AD /* Pods_TestDemo_TestDemoUITests.framework in Frameworks */,
			);
			runOnlyForDeploymentPostprocessing = 0;
		};
/* End PBXFrameworksBuildPhase section */

/* Begin PBXGroup section */
		0C0D7C3125806DE8006E2C80 /* HKBannerView */ = {
			isa = PBXGroup;
			children = (
				0C0D7C3225806DE8006E2C80 /* HKBannerViewCollectionCell.swift */,
				0C0D7C3325806DE8006E2C80 /* HKBannerView.swift */,
			);
			path = HKBannerView;
			sourceTree = "<group>";
		};
		0C0D7C442580768B006E2C80 /* images */ = {
			isa = PBXGroup;
			children = (
				0C0D7C3A25807667006E2C80 /* home_banner_default@2x.png */,
				0C0D7C3825807667006E2C80 /* home_banner_default@3x.png */,
				0C0D7C3D25807667006E2C80 /* home_bg@2x.png */,
				0C0D7C3925807667006E2C80 /* home_bg@3x.png */,
				0C0D7C3B25807667006E2C80 /* home_tool_new@2x.png */,
				0C0D7C3C25807667006E2C80 /* home_tool_new@3x.png */,
			);
			path = images;
			sourceTree = "<group>";
		};
		0C315453257F1EBB00AFB74C = {
			isa = PBXGroup;
			children = (
				0C31545E257F1EBB00AFB74C /* TestDemo */,
				0C315475257F1EBC00AFB74C /* TestDemoTests */,
				0C315480257F1EBC00AFB74C /* TestDemoUITests */,
				0C31545D257F1EBB00AFB74C /* Products */,
				FC9627C5AF8A396ED3C2681A /* Pods */,
				43F24DEA673AD0C82F3F5657 /* Frameworks */,
			);
			sourceTree = "<group>";
		};
		0C31545D257F1EBB00AFB74C /* Products */ = {
			isa = PBXGroup;
			children = (
				0C31545C257F1EBB00AFB74C /* TestDemo.app */,
				0C315472257F1EBC00AFB74C /* TestDemoTests.xctest */,
				0C31547D257F1EBC00AFB74C /* TestDemoUITests.xctest */,
			);
			name = Products;
			sourceTree = "<group>";
		};
		0C31545E257F1EBB00AFB74C /* TestDemo */ = {
			isa = PBXGroup;
			children = (
				0C31545F257F1EBB00AFB74C /* AppDelegate.swift */,
				0C315461257F1EBB00AFB74C /* SceneDelegate.swift */,
				0C315463257F1EBB00AFB74C /* ViewController.swift */,
				0C0D7C3125806DE8006E2C80 /* HKBannerView */,
				0C31548F257F1EEE00AFB74C /* Home */,
				0C315465257F1EBB00AFB74C /* Main.storyboard */,
				0C315468257F1EBC00AFB74C /* Assets.xcassets */,
				0C31546A257F1EBC00AFB74C /* LaunchScreen.storyboard */,
				0C31546D257F1EBC00AFB74C /* Info.plist */,
			);
			path = TestDemo;
			sourceTree = "<group>";
		};
		0C315475257F1EBC00AFB74C /* TestDemoTests */ = {
			isa = PBXGroup;
			children = (
				0C315476257F1EBC00AFB74C /* TestDemoTests.swift */,
				0C315478257F1EBC00AFB74C /* Info.plist */,
			);
			path = TestDemoTests;
			sourceTree = "<group>";
		};
		0C315480257F1EBC00AFB74C /* TestDemoUITests */ = {
			isa = PBXGroup;
			children = (
				0C315481257F1EBC00AFB74C /* TestDemoUITests.swift */,
				0C315483257F1EBC00AFB74C /* Info.plist */,
			);
			path = TestDemoUITests;
			sourceTree = "<group>";
		};
		0C31548F257F1EEE00AFB74C /* Home */ = {
			isa = PBXGroup;
			children = (
				0C315490257F1EEE00AFB74C /* ViewModel */,
				0C315492257F1EEE00AFB74C /* View */,
				0C0D7C442580768B006E2C80 /* images */,
			);
			path = Home;
			sourceTree = "<group>";
		};
		0C315490257F1EEE00AFB74C /* ViewModel */ = {
			isa = PBXGroup;
			children = (
				0C0D7C3625806E4E006E2C80 /* HKHomeDataModel.swift */,
				0C315491257F1EEE00AFB74C /* HKHomeVM.swift */,
			);
			path = ViewModel;
			sourceTree = "<group>";
		};
		0C315492257F1EEE00AFB74C /* View */ = {
			isa = PBXGroup;
			children = (
				0C315493257F1EEE00AFB74C /* HKHomeCell.swift */,
				0C315495257F1EEE00AFB74C /* HKHomeNoticeView.swift */,
				0C315496257F1EEE00AFB74C /* HKHomeHeaderView.swift */,
				0C315497257F1EEE00AFB74C /* HKHomeItemCollectionCell.swift */,
			);
			path = View;
			sourceTree = "<group>";
		};
		43F24DEA673AD0C82F3F5657 /* Frameworks */ = {
			isa = PBXGroup;
			children = (
				16F531C25D9ED34A3DA09B16 /* Pods_TestDemo.framework */,
				B33D4D07BFD14BC53951722B /* Pods_TestDemo_TestDemoUITests.framework */,
				92BC7C5B82DF5A41537A7D77 /* Pods_TestDemoTests.framework */,
			);
			name = Frameworks;
			sourceTree = "<group>";
		};
		FC9627C5AF8A396ED3C2681A /* Pods */ = {
			isa = PBXGroup;
			children = (
				952A19B074467BA9E61BF1B3 /* Pods-TestDemo.debug.xcconfig */,
				7D8AC88A65F4A906878473E9 /* Pods-TestDemo.release.xcconfig */,
				11DCCD6DCFE23F52A4483D17 /* Pods-TestDemo-TestDemoUITests.debug.xcconfig */,
				DFEE14FE84F55BF0E1FB02AA /* Pods-TestDemo-TestDemoUITests.release.xcconfig */,
				6652A26B969F9D342FF8120C /* Pods-TestDemoTests.debug.xcconfig */,
				DADEF997A5260F369FB231A1 /* Pods-TestDemoTests.release.xcconfig */,
			);
			path = Pods;
			sourceTree = "<group>";
		};
/* End PBXGroup section */

/* Begin PBXNativeTarget section */
		0C31545B257F1EBB00AFB74C /* TestDemo */ = {
			isa = PBXNativeTarget;
			buildConfigurationList = 0C315486257F1EBC00AFB74C /* Build configuration list for PBXNativeTarget "TestDemo" */;
			buildPhases = (
				79151BAEC120850306F791F2 /* [CP] Check Pods Manifest.lock */,
				0C315458257F1EBB00AFB74C /* Sources */,
				0C315459257F1EBB00AFB74C /* Frameworks */,
				0C31545A257F1EBB00AFB74C /* Resources */,
				5CEE20D3E764889AE8E6FF10 /* [CP] Embed Pods Frameworks */,
			);
			buildRules = (
			);
			dependencies = (
			);
			name = TestDemo;
			productName = TestDemo;
			productReference = 0C31545C257F1EBB00AFB74C /* TestDemo.app */;
			productType = "com.apple.product-type.application";
		};
		0C315471257F1EBC00AFB74C /* TestDemoTests */ = {
			isa = PBXNativeTarget;
			buildConfigurationList = 0C315489257F1EBC00AFB74C /* Build configuration list for PBXNativeTarget "TestDemoTests" */;
			buildPhases = (
				4D6FEC12D7C62EF2A7C2554E /* [CP] Check Pods Manifest.lock */,
				0C31546E257F1EBC00AFB74C /* Sources */,
				0C31546F257F1EBC00AFB74C /* Frameworks */,
				0C315470257F1EBC00AFB74C /* Resources */,
			);
			buildRules = (
			);
			dependencies = (
				0C315474257F1EBC00AFB74C /* PBXTargetDependency */,
			);
			name = TestDemoTests;
			productName = TestDemoTests;
			productReference = 0C315472257F1EBC00AFB74C /* TestDemoTests.xctest */;
			productType = "com.apple.product-type.bundle.unit-test";
		};
		0C31547C257F1EBC00AFB74C /* TestDemoUITests */ = {
			isa = PBXNativeTarget;
			buildConfigurationList = 0C31548C257F1EBC00AFB74C /* Build configuration list for PBXNativeTarget "TestDemoUITests" */;
			buildPhases = (
				3A31EBB86750B129A30284C9 /* [CP] Check Pods Manifest.lock */,
				0C315479257F1EBC00AFB74C /* Sources */,
				0C31547A257F1EBC00AFB74C /* Frameworks */,
				0C31547B257F1EBC00AFB74C /* Resources */,
				B1051A55976214629F2E52BF /* [CP] Embed Pods Frameworks */,
			);
			buildRules = (
			);
			dependencies = (
				0C31547F257F1EBC00AFB74C /* PBXTargetDependency */,
			);
			name = TestDemoUITests;
			productName = TestDemoUITests;
			productReference = 0C31547D257F1EBC00AFB74C /* TestDemoUITests.xctest */;
			productType = "com.apple.product-type.bundle.ui-testing";
		};
/* End PBXNativeTarget section */

/* Begin PBXProject section */
		0C315454257F1EBB00AFB74C /* Project object */ = {
			isa = PBXProject;
			attributes = {
				LastSwiftUpdateCheck = 1140;
				LastUpgradeCheck = 1140;
				ORGANIZATIONNAME = AhriLiu;
				TargetAttributes = {
					0C31545B257F1EBB00AFB74C = {
						CreatedOnToolsVersion = 11.4.1;
					};
					0C315471257F1EBC00AFB74C = {
						CreatedOnToolsVersion = 11.4.1;
						TestTargetID = 0C31545B257F1EBB00AFB74C;
					};
					0C31547C257F1EBC00AFB74C = {
						CreatedOnToolsVersion = 11.4.1;
						TestTargetID = 0C31545B257F1EBB00AFB74C;
					};
				};
			};
			buildConfigurationList = 0C315457257F1EBB00AFB74C /* Build configuration list for PBXProject "TestDemo" */;
			compatibilityVersion = "Xcode 9.3";
			developmentRegion = en;
			hasScannedForEncodings = 0;
			knownRegions = (
				en,
				Base,
			);
			mainGroup = 0C315453257F1EBB00AFB74C;
			productRefGroup = 0C31545D257F1EBB00AFB74C /* Products */;
			projectDirPath = "";
			projectRoot = "";
			targets = (
				0C31545B257F1EBB00AFB74C /* TestDemo */,
				0C315471257F1EBC00AFB74C /* TestDemoTests */,
				0C31547C257F1EBC00AFB74C /* TestDemoUITests */,
			);
		};
/* End PBXProject section */

/* Begin PBXResourcesBuildPhase section */
		0C31545A257F1EBB00AFB74C /* Resources */ = {
			isa = PBXResourcesBuildPhase;
			buildActionMask = 2147483647;
			files = (
				0C31546C257F1EBC00AFB74C /* LaunchScreen.storyboard in Resources */,
				0C0D7C4325807668006E2C80 /* home_bg@2x.png in Resources */,
				0C0D7C4225807668006E2C80 /* home_tool_new@3x.png in Resources */,
				0C315469257F1EBC00AFB74C /* Assets.xcassets in Resources */,
				0C0D7C3E25807668006E2C80 /* home_banner_default@3x.png in Resources */,
				0C0D7C4025807668006E2C80 /* home_banner_default@2x.png in Resources */,
				0C0D7C3F25807668006E2C80 /* home_bg@3x.png in Resources */,
				0C315467257F1EBB00AFB74C /* Main.storyboard in Resources */,
				0C0D7C4125807668006E2C80 /* home_tool_new@2x.png in Resources */,
			);
			runOnlyForDeploymentPostprocessing = 0;
		};
		0C315470257F1EBC00AFB74C /* Resources */ = {
			isa = PBXResourcesBuildPhase;
			buildActionMask = 2147483647;
			files = (
			);
			runOnlyForDeploymentPostprocessing = 0;
		};
		0C31547B257F1EBC00AFB74C /* Resources */ = {
			isa = PBXResourcesBuildPhase;
			buildActionMask = 2147483647;
			files = (
			);
			runOnlyForDeploymentPostprocessing = 0;
		};
/* End PBXResourcesBuildPhase section */

/* Begin PBXShellScriptBuildPhase section */
		3A31EBB86750B129A30284C9 /* [CP] Check Pods Manifest.lock */ = {
			isa = PBXShellScriptBuildPhase;
			buildActionMask = 2147483647;
			files = (
			);
			inputFileListPaths = (
			);
			inputPaths = (
				"${PODS_PODFILE_DIR_PATH}/Podfile.lock",
				"${PODS_ROOT}/Manifest.lock",
			);
			name = "[CP] Check Pods Manifest.lock";
			outputFileListPaths = (
			);
			outputPaths = (
				"$(DERIVED_FILE_DIR)/Pods-TestDemo-TestDemoUITests-checkManifestLockResult.txt",
			);
			runOnlyForDeploymentPostprocessing = 0;
			shellPath = /bin/sh;
			shellScript = "diff \"${PODS_PODFILE_DIR_PATH}/Podfile.lock\" \"${PODS_ROOT}/Manifest.lock\" > /dev/null\nif [ $? != 0 ] ; then\n    # print error to STDERR\n    echo \"error: The sandbox is not in sync with the Podfile.lock. Run 'pod install' or update your CocoaPods installation.\" >&2\n    exit 1\nfi\n# This output is used by Xcode 'outputs' to avoid re-running this script phase.\necho \"SUCCESS\" > \"${SCRIPT_OUTPUT_FILE_0}\"\n";
			showEnvVarsInLog = 0;
		};
		4D6FEC12D7C62EF2A7C2554E /* [CP] Check Pods Manifest.lock */ = {
			isa = PBXShellScriptBuildPhase;
			buildActionMask = 2147483647;
			files = (
			);
			inputFileListPaths = (
			);
			inputPaths = (
				"${PODS_PODFILE_DIR_PATH}/Podfile.lock",
				"${PODS_ROOT}/Manifest.lock",
			);
			name = "[CP] Check Pods Manifest.lock";
			outputFileListPaths = (
			);
			outputPaths = (
				"$(DERIVED_FILE_DIR)/Pods-TestDemoTests-checkManifestLockResult.txt",
			);
			runOnlyForDeploymentPostprocessing = 0;
			shellPath = /bin/sh;
			shellScript = "diff \"${PODS_PODFILE_DIR_PATH}/Podfile.lock\" \"${PODS_ROOT}/Manifest.lock\" > /dev/null\nif [ $? != 0 ] ; then\n    # print error to STDERR\n    echo \"error: The sandbox is not in sync with the Podfile.lock. Run 'pod install' or update your CocoaPods installation.\" >&2\n    exit 1\nfi\n# This output is used by Xcode 'outputs' to avoid re-running this script phase.\necho \"SUCCESS\" > \"${SCRIPT_OUTPUT_FILE_0}\"\n";
			showEnvVarsInLog = 0;
		};
		5CEE20D3E764889AE8E6FF10 /* [CP] Embed Pods Frameworks */ = {
			isa = PBXShellScriptBuildPhase;
			buildActionMask = 2147483647;
			files = (
			);
			inputFileListPaths = (
				"${PODS_ROOT}/Target Support Files/Pods-TestDemo/Pods-TestDemo-frameworks-${CONFIGURATION}-input-files.xcfilelist",
			);
			name = "[CP] Embed Pods Frameworks";
			outputFileListPaths = (
				"${PODS_ROOT}/Target Support Files/Pods-TestDemo/Pods-TestDemo-frameworks-${CONFIGURATION}-output-files.xcfilelist",
			);
			runOnlyForDeploymentPostprocessing = 0;
			shellPath = /bin/sh;
			shellScript = "\"${PODS_ROOT}/Target Support Files/Pods-TestDemo/Pods-TestDemo-frameworks.sh\"\n";
			showEnvVarsInLog = 0;
		};
		79151BAEC120850306F791F2 /* [CP] Check Pods Manifest.lock */ = {
			isa = PBXShellScriptBuildPhase;
			buildActionMask = 2147483647;
			files = (
			);
			inputFileListPaths = (
			);
			inputPaths = (
				"${PODS_PODFILE_DIR_PATH}/Podfile.lock",
				"${PODS_ROOT}/Manifest.lock",
			);
			name = "[CP] Check Pods Manifest.lock";
			outputFileListPaths = (
			);
			outputPaths = (
				"$(DERIVED_FILE_DIR)/Pods-TestDemo-checkManifestLockResult.txt",
			);
			runOnlyForDeploymentPostprocessing = 0;
			shellPath = /bin/sh;
			shellScript = "diff \"${PODS_PODFILE_DIR_PATH}/Podfile.lock\" \"${PODS_ROOT}/Manifest.lock\" > /dev/null\nif [ $? != 0 ] ; then\n    # print error to STDERR\n    echo \"error: The sandbox is not in sync with the Podfile.lock. Run 'pod install' or update your CocoaPods installation.\" >&2\n    exit 1\nfi\n# This output is used by Xcode 'outputs' to avoid re-running this script phase.\necho \"SUCCESS\" > \"${SCRIPT_OUTPUT_FILE_0}\"\n";
			showEnvVarsInLog = 0;
		};
		B1051A55976214629F2E52BF /* [CP] Embed Pods Frameworks */ = {
			isa = PBXShellScriptBuildPhase;
			buildActionMask = 2147483647;
			files = (
			);
			inputFileListPaths = (
				"${PODS_ROOT}/Target Support Files/Pods-TestDemo-TestDemoUITests/Pods-TestDemo-TestDemoUITests-frameworks-${CONFIGURATION}-input-files.xcfilelist",
			);
			name = "[CP] Embed Pods Frameworks";
			outputFileListPaths = (
				"${PODS_ROOT}/Target Support Files/Pods-TestDemo-TestDemoUITests/Pods-TestDemo-TestDemoUITests-frameworks-${CONFIGURATION}-output-files.xcfilelist",
			);
			runOnlyForDeploymentPostprocessing = 0;
			shellPath = /bin/sh;
			shellScript = "\"${PODS_ROOT}/Target Support Files/Pods-TestDemo-TestDemoUITests/Pods-TestDemo-TestDemoUITests-frameworks.sh\"\n";
			showEnvVarsInLog = 0;
		};
/* End PBXShellScriptBuildPhase section */

/* Begin PBXSourcesBuildPhase section */
		0C315458257F1EBB00AFB74C /* Sources */ = {
			isa = PBXSourcesBuildPhase;
			buildActionMask = 2147483647;
			files = (
				0C315498257F1EEE00AFB74C /* HKHomeVM.swift in Sources */,
				0C31549D257F1EEE00AFB74C /* HKHomeItemCollectionCell.swift in Sources */,
				0C31549C257F1EEE00AFB74C /* HKHomeHeaderView.swift in Sources */,
				0C0D7C3725806E4E006E2C80 /* HKHomeDataModel.swift in Sources */,
				0C315464257F1EBB00AFB74C /* ViewController.swift in Sources */,
				0C315499257F1EEE00AFB74C /* HKHomeCell.swift in Sources */,
				0C0D7C3425806DE8006E2C80 /* HKBannerViewCollectionCell.swift in Sources */,
				0C0D7C3525806DE8006E2C80 /* HKBannerView.swift in Sources */,
				0C315460257F1EBB00AFB74C /* AppDelegate.swift in Sources */,
				0C31549B257F1EEE00AFB74C /* HKHomeNoticeView.swift in Sources */,
				0C315462257F1EBB00AFB74C /* SceneDelegate.swift in Sources */,
			);
			runOnlyForDeploymentPostprocessing = 0;
		};
		0C31546E257F1EBC00AFB74C /* Sources */ = {
			isa = PBXSourcesBuildPhase;
			buildActionMask = 2147483647;
			files = (
				0C315477257F1EBC00AFB74C /* TestDemoTests.swift in Sources */,
			);
			runOnlyForDeploymentPostprocessing = 0;
		};
		0C315479257F1EBC00AFB74C /* Sources */ = {
			isa = PBXSourcesBuildPhase;
			buildActionMask = 2147483647;
			files = (
				0C315482257F1EBC00AFB74C /* TestDemoUITests.swift in Sources */,
			);
			runOnlyForDeploymentPostprocessing = 0;
		};
/* End PBXSourcesBuildPhase section */

/* Begin PBXTargetDependency section */
		0C315474257F1EBC00AFB74C /* PBXTargetDependency */ = {
			isa = PBXTargetDependency;
			target = 0C31545B257F1EBB00AFB74C /* TestDemo */;
			targetProxy = 0C315473257F1EBC00AFB74C /* PBXContainerItemProxy */;
		};
		0C31547F257F1EBC00AFB74C /* PBXTargetDependency */ = {
			isa = PBXTargetDependency;
			target = 0C31545B257F1EBB00AFB74C /* TestDemo */;
			targetProxy = 0C31547E257F1EBC00AFB74C /* PBXContainerItemProxy */;
		};
/* End PBXTargetDependency section */

/* Begin PBXVariantGroup section */
		0C315465257F1EBB00AFB74C /* Main.storyboard */ = {
			isa = PBXVariantGroup;
			children = (
				0C315466257F1EBB00AFB74C /* Base */,
			);
			name = Main.storyboard;
			sourceTree = "<group>";
		};
		0C31546A257F1EBC00AFB74C /* LaunchScreen.storyboard */ = {
			isa = PBXVariantGroup;
			children = (
				0C31546B257F1EBC00AFB74C /* Base */,
			);
			name = LaunchScreen.storyboard;
			sourceTree = "<group>";
		};
/* End PBXVariantGroup section */

/* Begin XCBuildConfiguration section */
		0C315484257F1EBC00AFB74C /* Debug */ = {
			isa = XCBuildConfiguration;
			buildSettings = {
				ALWAYS_SEARCH_USER_PATHS = NO;
				CLANG_ANALYZER_NONNULL = YES;
				CLANG_ANALYZER_NUMBER_OBJECT_CONVERSION = YES_AGGRESSIVE;
				CLANG_CXX_LANGUAGE_STANDARD = "gnu++14";
				CLANG_CXX_LIBRARY = "libc++";
				CLANG_ENABLE_MODULES = YES;
				CLANG_ENABLE_OBJC_ARC = YES;
				CLANG_ENABLE_OBJC_WEAK = YES;
				CLANG_WARN_BLOCK_CAPTURE_AUTORELEASING = YES;
				CLANG_WARN_BOOL_CONVERSION = YES;
				CLANG_WARN_COMMA = YES;
				CLANG_WARN_CONSTANT_CONVERSION = YES;
				CLANG_WARN_DEPRECATED_OBJC_IMPLEMENTATIONS = YES;
				CLANG_WARN_DIRECT_OBJC_ISA_USAGE = YES_ERROR;
				CLANG_WARN_DOCUMENTATION_COMMENTS = YES;
				CLANG_WARN_EMPTY_BODY = YES;
				CLANG_WARN_ENUM_CONVERSION = YES;
				CLANG_WARN_INFINITE_RECURSION = YES;
				CLANG_WARN_INT_CONVERSION = YES;
				CLANG_WARN_NON_LITERAL_NULL_CONVERSION = YES;
				CLANG_WARN_OBJC_IMPLICIT_RETAIN_SELF = YES;
				CLANG_WARN_OBJC_LITERAL_CONVERSION = YES;
				CLANG_WARN_OBJC_ROOT_CLASS = YES_ERROR;
				CLANG_WARN_RANGE_LOOP_ANALYSIS = YES;
				CLANG_WARN_STRICT_PROTOTYPES = YES;
				CLANG_WARN_SUSPICIOUS_MOVE = YES;
				CLANG_WARN_UNGUARDED_AVAILABILITY = YES_AGGRESSIVE;
				CLANG_WARN_UNREACHABLE_CODE = YES;
				CLANG_WARN__DUPLICATE_METHOD_MATCH = YES;
				COPY_PHASE_STRIP = NO;
				DEBUG_INFORMATION_FORMAT = dwarf;
				ENABLE_STRICT_OBJC_MSGSEND = YES;
				ENABLE_TESTABILITY = YES;
				GCC_C_LANGUAGE_STANDARD = gnu11;
				GCC_DYNAMIC_NO_PIC = NO;
				GCC_NO_COMMON_BLOCKS = YES;
				GCC_OPTIMIZATION_LEVEL = 0;
				GCC_PREPROCESSOR_DEFINITIONS = (
					"DEBUG=1",
					"$(inherited)",
				);
				GCC_WARN_64_TO_32_BIT_CONVERSION = YES;
				GCC_WARN_ABOUT_RETURN_TYPE = YES_ERROR;
				GCC_WARN_UNDECLARED_SELECTOR = YES;
				GCC_WARN_UNINITIALIZED_AUTOS = YES_AGGRESSIVE;
				GCC_WARN_UNUSED_FUNCTION = YES;
				GCC_WARN_UNUSED_VARIABLE = YES;
				IPHONEOS_DEPLOYMENT_TARGET = 13.4;
				MTL_ENABLE_DEBUG_INFO = INCLUDE_SOURCE;
				MTL_FAST_MATH = YES;
				ONLY_ACTIVE_ARCH = YES;
				SDKROOT = iphoneos;
				SWIFT_ACTIVE_COMPILATION_CONDITIONS = DEBUG;
				SWIFT_OPTIMIZATION_LEVEL = "-Onone";
			};
			name = Debug;
		};
		0C315485257F1EBC00AFB74C /* Release */ = {
			isa = XCBuildConfiguration;
			buildSettings = {
				ALWAYS_SEARCH_USER_PATHS = NO;
				CLANG_ANALYZER_NONNULL = YES;
				CLANG_ANALYZER_NUMBER_OBJECT_CONVERSION = YES_AGGRESSIVE;
				CLANG_CXX_LANGUAGE_STANDARD = "gnu++14";
				CLANG_CXX_LIBRARY = "libc++";
				CLANG_ENABLE_MODULES = YES;
				CLANG_ENABLE_OBJC_ARC = YES;
				CLANG_ENABLE_OBJC_WEAK = YES;
				CLANG_WARN_BLOCK_CAPTURE_AUTORELEASING = YES;
				CLANG_WARN_BOOL_CONVERSION = YES;
				CLANG_WARN_COMMA = YES;
				CLANG_WARN_CONSTANT_CONVERSION = YES;
				CLANG_WARN_DEPRECATED_OBJC_IMPLEMENTATIONS = YES;
				CLANG_WARN_DIRECT_OBJC_ISA_USAGE = YES_ERROR;
				CLANG_WARN_DOCUMENTATION_COMMENTS = YES;
				CLANG_WARN_EMPTY_BODY = YES;
				CLANG_WARN_ENUM_CONVERSION = YES;
				CLANG_WARN_INFINITE_RECURSION = YES;
				CLANG_WARN_INT_CONVERSION = YES;
				CLANG_WARN_NON_LITERAL_NULL_CONVERSION = YES;
				CLANG_WARN_OBJC_IMPLICIT_RETAIN_SELF = YES;
				CLANG_WARN_OBJC_LITERAL_CONVERSION = YES;
				CLANG_WARN_OBJC_ROOT_CLASS = YES_ERROR;
				CLANG_WARN_RANGE_LOOP_ANALYSIS = YES;
				CLANG_WARN_STRICT_PROTOTYPES = YES;
				CLANG_WARN_SUSPICIOUS_MOVE = YES;
				CLANG_WARN_UNGUARDED_AVAILABILITY = YES_AGGRESSIVE;
				CLANG_WARN_UNREACHABLE_CODE = YES;
				CLANG_WARN__DUPLICATE_METHOD_MATCH = YES;
				COPY_PHASE_STRIP = NO;
				DEBUG_INFORMATION_FORMAT = "dwarf-with-dsym";
				ENABLE_NS_ASSERTIONS = NO;
				ENABLE_STRICT_OBJC_MSGSEND = YES;
				GCC_C_LANGUAGE_STANDARD = gnu11;
				GCC_NO_COMMON_BLOCKS = YES;
				GCC_WARN_64_TO_32_BIT_CONVERSION = YES;
				GCC_WARN_ABOUT_RETURN_TYPE = YES_ERROR;
				GCC_WARN_UNDECLARED_SELECTOR = YES;
				GCC_WARN_UNINITIALIZED_AUTOS = YES_AGGRESSIVE;
				GCC_WARN_UNUSED_FUNCTION = YES;
				GCC_WARN_UNUSED_VARIABLE = YES;
				IPHONEOS_DEPLOYMENT_TARGET = 13.4;
				MTL_ENABLE_DEBUG_INFO = NO;
				MTL_FAST_MATH = YES;
				SDKROOT = iphoneos;
				SWIFT_COMPILATION_MODE = wholemodule;
				SWIFT_OPTIMIZATION_LEVEL = "-O";
				VALIDATE_PRODUCT = YES;
			};
			name = Release;
		};
		0C315487257F1EBC00AFB74C /* Debug */ = {
			isa = XCBuildConfiguration;
			baseConfigurationReference = 952A19B074467BA9E61BF1B3 /* Pods-TestDemo.debug.xcconfig */;
			buildSettings = {
				ASSETCATALOG_COMPILER_APPICON_NAME = AppIcon;
				CODE_SIGN_STYLE = Automatic;
				DEVELOPMENT_TEAM = 9D4RYQEUG2;
				INFOPLIST_FILE = TestDemo/Info.plist;
				LD_RUNPATH_SEARCH_PATHS = (
					"$(inherited)",
					"@executable_path/Frameworks",
				);
				PRODUCT_BUNDLE_IDENTIFIER = ahriliu.com.TestDemo;
				PRODUCT_NAME = "$(TARGET_NAME)";
				SWIFT_VERSION = 5.0;
				TARGETED_DEVICE_FAMILY = "1,2";
			};
			name = Debug;
		};
		0C315488257F1EBC00AFB74C /* Release */ = {
			isa = XCBuildConfiguration;
			baseConfigurationReference = 7D8AC88A65F4A906878473E9 /* Pods-TestDemo.release.xcconfig */;
			buildSettings = {
				ASSETCATALOG_COMPILER_APPICON_NAME = AppIcon;
				CODE_SIGN_STYLE = Automatic;
				DEVELOPMENT_TEAM = 9D4RYQEUG2;
				INFOPLIST_FILE = TestDemo/Info.plist;
				LD_RUNPATH_SEARCH_PATHS = (
					"$(inherited)",
					"@executable_path/Frameworks",
				);
				PRODUCT_BUNDLE_IDENTIFIER = ahriliu.com.TestDemo;
				PRODUCT_NAME = "$(TARGET_NAME)";
				SWIFT_VERSION = 5.0;
				TARGETED_DEVICE_FAMILY = "1,2";
			};
			name = Release;
		};
		0C31548A257F1EBC00AFB74C /* Debug */ = {
			isa = XCBuildConfiguration;
			baseConfigurationReference = 6652A26B969F9D342FF8120C /* Pods-TestDemoTests.debug.xcconfig */;
			buildSettings = {
				ALWAYS_EMBED_SWIFT_STANDARD_LIBRARIES = YES;
				BUNDLE_LOADER = "$(TEST_HOST)";
				CODE_SIGN_STYLE = Automatic;
				DEVELOPMENT_TEAM = 9D4RYQEUG2;
				INFOPLIST_FILE = TestDemoTests/Info.plist;
				IPHONEOS_DEPLOYMENT_TARGET = 13.4;
				LD_RUNPATH_SEARCH_PATHS = (
					"$(inherited)",
					"@executable_path/Frameworks",
					"@loader_path/Frameworks",
				);
				PRODUCT_BUNDLE_IDENTIFIER = ahriliu.com.TestDemoTests;
				PRODUCT_NAME = "$(TARGET_NAME)";
				SWIFT_VERSION = 5.0;
				TARGETED_DEVICE_FAMILY = "1,2";
				TEST_HOST = "$(BUILT_PRODUCTS_DIR)/TestDemo.app/TestDemo";
			};
			name = Debug;
		};
		0C31548B257F1EBC00AFB74C /* Release */ = {
			isa = XCBuildConfiguration;
			baseConfigurationReference = DADEF997A5260F369FB231A1 /* Pods-TestDemoTests.release.xcconfig */;
			buildSettings = {
				ALWAYS_EMBED_SWIFT_STANDARD_LIBRARIES = YES;
				BUNDLE_LOADER = "$(TEST_HOST)";
				CODE_SIGN_STYLE = Automatic;
				DEVELOPMENT_TEAM = 9D4RYQEUG2;
				INFOPLIST_FILE = TestDemoTests/Info.plist;
				IPHONEOS_DEPLOYMENT_TARGET = 13.4;
				LD_RUNPATH_SEARCH_PATHS = (
					"$(inherited)",
					"@executable_path/Frameworks",
					"@loader_path/Frameworks",
				);
				PRODUCT_BUNDLE_IDENTIFIER = ahriliu.com.TestDemoTests;
				PRODUCT_NAME = "$(TARGET_NAME)";
				SWIFT_VERSION = 5.0;
				TARGETED_DEVICE_FAMILY = "1,2";
				TEST_HOST = "$(BUILT_PRODUCTS_DIR)/TestDemo.app/TestDemo";
			};
			name = Release;
		};
		0C31548D257F1EBC00AFB74C /* Debug */ = {
			isa = XCBuildConfiguration;
			baseConfigurationReference = 11DCCD6DCFE23F52A4483D17 /* Pods-TestDemo-TestDemoUITests.debug.xcconfig */;
			buildSettings = {
				ALWAYS_EMBED_SWIFT_STANDARD_LIBRARIES = YES;
				CODE_SIGN_STYLE = Automatic;
				DEVELOPMENT_TEAM = 9D4RYQEUG2;
				INFOPLIST_FILE = TestDemoUITests/Info.plist;
				LD_RUNPATH_SEARCH_PATHS = (
					"$(inherited)",
					"@executable_path/Frameworks",
					"@loader_path/Frameworks",
				);
				PRODUCT_BUNDLE_IDENTIFIER = ahriliu.com.TestDemoUITests;
				PRODUCT_NAME = "$(TARGET_NAME)";
				SWIFT_VERSION = 5.0;
				TARGETED_DEVICE_FAMILY = "1,2";
				TEST_TARGET_NAME = TestDemo;
			};
			name = Debug;
		};
		0C31548E257F1EBC00AFB74C /* Release */ = {
			isa = XCBuildConfiguration;
			baseConfigurationReference = DFEE14FE84F55BF0E1FB02AA /* Pods-TestDemo-TestDemoUITests.release.xcconfig */;
			buildSettings = {
				ALWAYS_EMBED_SWIFT_STANDARD_LIBRARIES = YES;
				CODE_SIGN_STYLE = Automatic;
				DEVELOPMENT_TEAM = 9D4RYQEUG2;
				INFOPLIST_FILE = TestDemoUITests/Info.plist;
				LD_RUNPATH_SEARCH_PATHS = (
					"$(inherited)",
					"@executable_path/Frameworks",
					"@loader_path/Frameworks",
				);
				PRODUCT_BUNDLE_IDENTIFIER = ahriliu.com.TestDemoUITests;
				PRODUCT_NAME = "$(TARGET_NAME)";
				SWIFT_VERSION = 5.0;
				TARGETED_DEVICE_FAMILY = "1,2";
				TEST_TARGET_NAME = TestDemo;
			};
			name = Release;
		};
/* End XCBuildConfiguration section */

/* Begin XCConfigurationList section */
		0C315457257F1EBB00AFB74C /* Build configuration list for PBXProject "TestDemo" */ = {
			isa = XCConfigurationList;
			buildConfigurations = (
				0C315484257F1EBC00AFB74C /* Debug */,
				0C315485257F1EBC00AFB74C /* Release */,
			);
			defaultConfigurationIsVisible = 0;
			defaultConfigurationName = Release;
		};
		0C315486257F1EBC00AFB74C /* Build configuration list for PBXNativeTarget "TestDemo" */ = {
			isa = XCConfigurationList;
			buildConfigurations = (
				0C315487257F1EBC00AFB74C /* Debug */,
				0C315488257F1EBC00AFB74C /* Release */,
			);
			defaultConfigurationIsVisible = 0;
			defaultConfigurationName = Release;
		};
		0C315489257F1EBC00AFB74C /* Build configuration list for PBXNativeTarget "TestDemoTests" */ = {
			isa = XCConfigurationList;
			buildConfigurations = (
				0C31548A257F1EBC00AFB74C /* Debug */,
				0C31548B257F1EBC00AFB74C /* Release */,
			);
			defaultConfigurationIsVisible = 0;
			defaultConfigurationName = Release;
		};
		0C31548C257F1EBC00AFB74C /* Build configuration list for PBXNativeTarget "TestDemoUITests" */ = {
			isa = XCConfigurationList;
			buildConfigurations = (
				0C31548D257F1EBC00AFB74C /* Debug */,
				0C31548E257F1EBC00AFB74C /* Release */,
			);
			defaultConfigurationIsVisible = 0;
			defaultConfigurationName = Release;
		};
/* End XCConfigurationList section */
	};
	rootObject = 0C315454257F1EBB00AFB74C /* Project object */;
}
